
Microsoft Visual Studio Solution File, Format Version 12.00
# Visual Studio Version 17
VisualStudioVersion = 17.7.34202.233
MinimumVisualStudioVersion = 10.0.40219.1
Project("{FAE04EC0-301F-11D3-BF4B-00C04F79EFBC}") = "WebApplication1", "WebApplication1\WebApplication1.csproj", "{EF9556AE-269C-44C3-A018-C69168B17693}"
EndProject
Global
	GlobalSection(SolutionConfigurationPlatforms) = preSolution
		Debug|Any CPU = Debug|Any CPU
		Release|Any CPU = Release|Any CPU
	EndGlobalSection
	GlobalSection(ProjectConfigurationPlatforms) = postSolution
		{EF9556AE-269C-44C3-A018-C69168B17693}.Debug|Any CPU.ActiveCfg = Debug|Any CPU
		{EF9556AE-269C-44C3-A018-C69168B17693}.Debug|Any CPU.Build.0 = Debug|Any CPU
		{EF9556AE-269C-44C3-A018-C69168B17693}.Release|Any CPU.ActiveCfg = Release|Any CPU
		{EF9556AE-269C-44C3-A018-C69168B17693}.Release|Any CPU.Build.0 = Release|Any CPU
	EndGlobalSection
	GlobalSection(SolutionProperties) = preSolution
		HideSolutionNode = FALSE
	EndGlobalSection
	GlobalSection(ExtensibilityGlobals) = postSolution
		SolutionGuid = {61E0998B-C4DE-4CBB-BC5D-763AF0650958}
	EndGlobalSection
EndGlobal
